
Microsoft Visual Studio Solution File, Format Version 12.00
Project("{FAE04EC0-301F-11D3-BF4B-00C04F79EFBC}") = "Carrow", "Carrow\Carrow.csproj", "{23328764-A7E4-423C-AE35-EE6104CF1D7B}"
EndProject
Project("{FAE04EC0-301F-11D3-BF4B-00C04F79EFBC}") = "CarrowTest", "CarrowTest\CarrowTest.csproj", "{0A25A4D1-49B2-4502-86BD-3AE713F43F25}"
EndProject
Global
	GlobalSection(SolutionConfigurationPlatforms) = preSolution
		Debug|Any CPU = Debug|Any CPU
		Release|Any CPU = Release|Any CPU
	EndGlobalSection
	GlobalSection(ProjectConfigurationPlatforms) = postSolution
		{23328764-A7E4-423C-AE35-EE6104CF1D7B}.Debug|Any CPU.ActiveCfg = Debug|Any CPU
		{23328764-A7E4-423C-AE35-EE6104CF1D7B}.Debug|Any CPU.Build.0 = Debug|Any CPU
		{23328764-A7E4-423C-AE35-EE6104CF1D7B}.Release|Any CPU.ActiveCfg = Release|Any CPU
		{23328764-A7E4-423C-AE35-EE6104CF1D7B}.Release|Any CPU.Build.0 = Release|Any CPU
		{0A25A4D1-49B2-4502-86BD-3AE713F43F25}.Debug|Any CPU.ActiveCfg = Debug|Any CPU
		{0A25A4D1-49B2-4502-86BD-3AE713F43F25}.Debug|Any CPU.Build.0 = Debug|Any CPU
		{0A25A4D1-49B2-4502-86BD-3AE713F43F25}.Release|Any CPU.ActiveCfg = Release|Any CPU
		{0A25A4D1-49B2-4502-86BD-3AE713F43F25}.Release|Any CPU.Build.0 = Release|Any CPU
	EndGlobalSection
EndGlobal
